
Microsoft Visual Studio Solution File, Format Version 12.00
# Visual Studio Version 17
VisualStudioVersion = 17.9.34728.123
MinimumVisualStudioVersion = 10.0.40219.1
Project("{FAE04EC0-301F-11D3-BF4B-00C04F79EFBC}") = "CadastroDeAutomoveis", "CadastroDeAutomoveis.csproj", "{1C64CCA3-40FB-400F-9C7C-BC411069BEC3}"
EndProject
Global
	GlobalSection(SolutionConfigurationPlatforms) = preSolution
		Debug|Any CPU = Debug|Any CPU
		Release|Any CPU = Release|Any CPU
	EndGlobalSection
	GlobalSection(ProjectConfigurationPlatforms) = postSolution
		{1C64CCA3-40FB-400F-9C7C-BC411069BEC3}.Debug|Any CPU.ActiveCfg = Debug|Any CPU
		{1C64CCA3-40FB-400F-9C7C-BC411069BEC3}.Debug|Any CPU.Build.0 = Debug|Any CPU
		{1C64CCA3-40FB-400F-9C7C-BC411069BEC3}.Release|Any CPU.ActiveCfg = Release|Any CPU
		{1C64CCA3-40FB-400F-9C7C-BC411069BEC3}.Release|Any CPU.Build.0 = Release|Any CPU
	EndGlobalSection
	GlobalSection(SolutionProperties) = preSolution
		HideSolutionNode = FALSE
	EndGlobalSection
	GlobalSection(ExtensibilityGlobals) = postSolution
		SolutionGuid = {597435DE-E997-4BD0-BA7B-EDF6D16AEE61}
	EndGlobalSection
EndGlobal
